// !$*UTF8*$!
{
	archiveVersion = 1;
	classes = {
	};
	objectVersion = 48;
	objects = {

/* Begin PBXBuildFile section */
		81132711A3409B5EAC0A9563 /* Pods_SwiftSample.framework in Frameworks */ = {isa = PBXBuildFile; fileRef = 21E2DB7BC6F743F78C143D3E /* Pods_SwiftSample.framework */; };
		8342F61320768DB000D4C807 /* Arbitrager.xcassets in Resources */ = {isa = PBXBuildFile; fileRef = 8342F60120768DB000D4C807 /* Arbitrager.xcassets */; };
		8342F61420768DB000D4C807 /* Arbitrager.storyboard in Resources */ = {isa = PBXBuildFile; fileRef = 8342F60220768DB000D4C807 /* Arbitrager.storyboard */; };
		8342F61620768DB000D4C807 /* Extensions.swift in Sources */ = {isa = PBXBuildFile; fileRef = 8342F60820768DB000D4C807 /* Extensions.swift */; };
		8342F61720768DB000D4C807 /* NetworkManager.swift in Sources */ = {isa = PBXBuildFile; fileRef = 8342F60920768DB000D4C807 /* NetworkManager.swift */; };
		8342F61820768DB000D4C807 /* UserDataManager.swift in Sources */ = {isa = PBXBuildFile; fileRef = 8342F60A20768DB000D4C807 /* UserDataManager.swift */; };
		8342F61920768DB000D4C807 /* CryptoCardTableViewCell.swift in Sources */ = {isa = PBXBuildFile; fileRef = 8342F60C20768DB000D4C807 /* CryptoCardTableViewCell.swift */; };
		8342F61A20768DB000D4C807 /* HomeViewController.swift in Sources */ = {isa = PBXBuildFile; fileRef = 8342F60D20768DB000D4C807 /* HomeViewController.swift */; };
		8342F61B20768DB000D4C807 /* TradeViewController.storyboard in Resources */ = {isa = PBXBuildFile; fileRef = 8342F60E20768DB000D4C807 /* TradeViewController.storyboard */; };
		8342F61C20768DB000D4C807 /* TradeViewController.swift in Sources */ = {isa = PBXBuildFile; fileRef = 8342F60F20768DB000D4C807 /* TradeViewController.swift */; };
		8342F61D20768DB000D4C807 /* SettingsViewController.swift in Sources */ = {isa = PBXBuildFile; fileRef = 8342F61120768DB000D4C807 /* SettingsViewController.swift */; };
		83634774207A4F6700DF32E2 /* MapHomeViewController.swift in Sources */ = {isa = PBXBuildFile; fileRef = 83634773207A4F6700DF32E2 /* MapHomeViewController.swift */; };
		83634776207A4FAB00DF32E2 /* MapSample.storyboard in Resources */ = {isa = PBXBuildFile; fileRef = 83634775207A4FAB00DF32E2 /* MapSample.storyboard */; };
		83634778207A5F6600DF32E2 /* AboutViewController.swift in Sources */ = {isa = PBXBuildFile; fileRef = 83634777207A5F6600DF32E2 /* AboutViewController.swift */; };
		8363477A207A63ED00DF32E2 /* ProjectInitNavigationViewController.swift in Sources */ = {isa = PBXBuildFile; fileRef = 83634779207A63ED00DF32E2 /* ProjectInitNavigationViewController.swift */; };
		8363477C207A64F700DF32E2 /* ArbitragerInitViewController.swift in Sources */ = {isa = PBXBuildFile; fileRef = 8363477B207A64F700DF32E2 /* ArbitragerInitViewController.swift */; };
		837EEE8020753FB900DFA216 /* DashboardViewController.swift in Sources */ = {isa = PBXBuildFile; fileRef = 837EEE7F20753FB900DFA216 /* DashboardViewController.swift */; };
		837EEE822075416400DFA216 /* DashboardTableViewModel.swift in Sources */ = {isa = PBXBuildFile; fileRef = 837EEE812075416400DFA216 /* DashboardTableViewModel.swift */; };
		837EEE84207542E200DFA216 /* DashboardItem.swift in Sources */ = {isa = PBXBuildFile; fileRef = 837EEE83207542E200DFA216 /* DashboardItem.swift */; };
		837EEE86207544D500DFA216 /* DashboardTableViewCell.swift in Sources */ = {isa = PBXBuildFile; fileRef = 837EEE85207544D500DFA216 /* DashboardTableViewCell.swift */; };
		8394A30A2078F7140084F5BB /* ProjectViewController.swift in Sources */ = {isa = PBXBuildFile; fileRef = 8394A3092078F7140084F5BB /* ProjectViewController.swift */; };
		83A3E20E2074E03800392197 /* SnapshotHelper.swift in Sources */ = {isa = PBXBuildFile; fileRef = 83A3E1FD2074E03800392197 /* SnapshotHelper.swift */; };
		83D895FD2073BBF7000DA172 /* GoogleService-Info.plist in Resources */ = {isa = PBXBuildFile; fileRef = 83D895FB2073BBF7000DA172 /* GoogleService-Info.plist */; };
		83D895FE2073BBF7000DA172 /* GoogleService-Info.plist in Resources */ = {isa = PBXBuildFile; fileRef = 83D895FB2073BBF7000DA172 /* GoogleService-Info.plist */; };
		83D895FF2073BBF7000DA172 /* GoogleService-Info.plist in Resources */ = {isa = PBXBuildFile; fileRef = 83D895FB2073BBF7000DA172 /* GoogleService-Info.plist */; };
		83D896022073D6BD000DA172 /* IntroViewController.swift in Sources */ = {isa = PBXBuildFile; fileRef = 83D896012073D6BD000DA172 /* IntroViewController.swift */; };
		83D896032073D6BD000DA172 /* IntroViewController.swift in Sources */ = {isa = PBXBuildFile; fileRef = 83D896012073D6BD000DA172 /* IntroViewController.swift */; };
		83D896072073EF63000DA172 /* imgLion.gif in Resources */ = {isa = PBXBuildFile; fileRef = 83D896062073EF63000DA172 /* imgLion.gif */; };
		83D896082073EF63000DA172 /* imgLion.gif in Resources */ = {isa = PBXBuildFile; fileRef = 83D896062073EF63000DA172 /* imgLion.gif */; };
		83EBFD2A207281F900D6A96F /* AppDelegate.swift in Sources */ = {isa = PBXBuildFile; fileRef = 83EBFD29207281F900D6A96F /* AppDelegate.swift */; };
		83EBFD2C207281F900D6A96F /* ViewController.swift in Sources */ = {isa = PBXBuildFile; fileRef = 83EBFD2B207281F900D6A96F /* ViewController.swift */; };
		83EBFD2F207281F900D6A96F /* Main.storyboard in Resources */ = {isa = PBXBuildFile; fileRef = 83EBFD2D207281F900D6A96F /* Main.storyboard */; };
		83EBFD31207281F900D6A96F /* Assets.xcassets in Resources */ = {isa = PBXBuildFile; fileRef = 83EBFD30207281F900D6A96F /* Assets.xcassets */; };
		83EBFD34207281F900D6A96F /* LaunchScreen.storyboard in Resources */ = {isa = PBXBuildFile; fileRef = 83EBFD32207281F900D6A96F /* LaunchScreen.storyboard */; };
		83EBFD3F207281F900D6A96F /* SwiftSampleTests.swift in Sources */ = {isa = PBXBuildFile; fileRef = 83EBFD3E207281F900D6A96F /* SwiftSampleTests.swift */; };
		83EBFD4A207281F900D6A96F /* SwiftSampleUITests.swift in Sources */ = {isa = PBXBuildFile; fileRef = 83EBFD49207281F900D6A96F /* SwiftSampleUITests.swift */; };
		C710C594A2684F01B307A86E /* Pods_SwiftSampleUITests.framework in Frameworks */ = {isa = PBXBuildFile; fileRef = 0E84550D6294FB3BBB0E240F /* Pods_SwiftSampleUITests.framework */; };
/* End PBXBuildFile section */

/* Begin PBXContainerItemProxy section */
		83EBFD3B207281F900D6A96F /* PBXContainerItemProxy */ = {
			isa = PBXContainerItemProxy;
			containerPortal = 83EBFD1E207281F900D6A96F /* Project object */;
			proxyType = 1;
			remoteGlobalIDString = 83EBFD25207281F900D6A96F;
			remoteInfo = SwiftSample;
		};
		83EBFD46207281F900D6A96F /* PBXContainerItemProxy */ = {
			isa = PBXContainerItemProxy;
			containerPortal = 83EBFD1E207281F900D6A96F /* Project object */;
			proxyType = 1;
			remoteGlobalIDString = 83EBFD25207281F900D6A96F;
			remoteInfo = SwiftSample;
		};
/* End PBXContainerItemProxy section */

/* Begin PBXFileReference section */
		0E84550D6294FB3BBB0E240F /* Pods_SwiftSampleUITests.framework */ = {isa = PBXFileReference; explicitFileType = wrapper.framework; includeInIndex = 0; path = Pods_SwiftSampleUITests.framework; sourceTree = BUILT_PRODUCTS_DIR; };
		21E2DB7BC6F743F78C143D3E /* Pods_SwiftSample.framework */ = {isa = PBXFileReference; explicitFileType = wrapper.framework; includeInIndex = 0; path = Pods_SwiftSample.framework; sourceTree = BUILT_PRODUCTS_DIR; };
		8342F60120768DB000D4C807 /* Arbitrager.xcassets */ = {isa = PBXFileReference; lastKnownFileType = folder.assetcatalog; path = Arbitrager.xcassets; sourceTree = "<group>"; };
		8342F60320768DB000D4C807 /* Base */ = {isa = PBXFileReference; lastKnownFileType = file.storyboard; name = Base; path = Base.lproj/Arbitrager.storyboard; sourceTree = "<group>"; };
		8342F60820768DB000D4C807 /* Extensions.swift */ = {isa = PBXFileReference; fileEncoding = 4; lastKnownFileType = sourcecode.swift; path = Extensions.swift; sourceTree = "<group>"; };
		8342F60920768DB000D4C807 /* NetworkManager.swift */ = {isa = PBXFileReference; fileEncoding = 4; lastKnownFileType = sourcecode.swift; path = NetworkManager.swift; sourceTree = "<group>"; };
		8342F60A20768DB000D4C807 /* UserDataManager.swift */ = {isa = PBXFileReference; fileEncoding = 4; lastKnownFileType = sourcecode.swift; path = UserDataManager.swift; sourceTree = "<group>"; };
		8342F60C20768DB000D4C807 /* CryptoCardTableViewCell.swift */ = {isa = PBXFileReference; fileEncoding = 4; lastKnownFileType = sourcecode.swift; path = CryptoCardTableViewCell.swift; sourceTree = "<group>"; };
		8342F60D20768DB000D4C807 /* HomeViewController.swift */ = {isa = PBXFileReference; fileEncoding = 4; lastKnownFileType = sourcecode.swift; path = HomeViewController.swift; sourceTree = "<group>"; };
		8342F60E20768DB000D4C807 /* TradeViewController.storyboard */ = {isa = PBXFileReference; fileEncoding = 4; lastKnownFileType = file.storyboard; path = TradeViewController.storyboard; sourceTree = "<group>"; };
		8342F60F20768DB000D4C807 /* TradeViewController.swift */ = {isa = PBXFileReference; fileEncoding = 4; lastKnownFileType = sourcecode.swift; path = TradeViewController.swift; sourceTree = "<group>"; };
		8342F61120768DB000D4C807 /* SettingsViewController.swift */ = {isa = PBXFileReference; fileEncoding = 4; lastKnownFileType = sourcecode.swift; path = SettingsViewController.swift; sourceTree = "<group>"; };
		83634773207A4F6700DF32E2 /* MapHomeViewController.swift */ = {isa = PBXFileReference; fileEncoding = 4; lastKnownFileType = sourcecode.swift; path = MapHomeViewController.swift; sourceTree = "<group>"; };
		83634775207A4FAB00DF32E2 /* MapSample.storyboard */ = {isa = PBXFileReference; lastKnownFileType = file.storyboard; path = MapSample.storyboard; sourceTree = "<group>"; };
		83634777207A5F6600DF32E2 /* AboutViewController.swift */ = {isa = PBXFileReference; lastKnownFileType = sourcecode.swift; path = AboutViewController.swift; sourceTree = "<group>"; };
		83634779207A63ED00DF32E2 /* ProjectInitNavigationViewController.swift */ = {isa = PBXFileReference; lastKnownFileType = sourcecode.swift; path = ProjectInitNavigationViewController.swift; sourceTree = "<group>"; };
		8363477B207A64F700DF32E2 /* ArbitragerInitViewController.swift */ = {isa = PBXFileReference; lastKnownFileType = sourcecode.swift; path = ArbitragerInitViewController.swift; sourceTree = "<group>"; };
		837EEE7F20753FB900DFA216 /* DashboardViewController.swift */ = {isa = PBXFileReference; fileEncoding = 4; lastKnownFileType = sourcecode.swift; path = DashboardViewController.swift; sourceTree = "<group>"; };
		837EEE812075416400DFA216 /* DashboardTableViewModel.swift */ = {isa = PBXFileReference; lastKnownFileType = sourcecode.swift; path = DashboardTableViewModel.swift; sourceTree = "<group>"; };
		837EEE83207542E200DFA216 /* DashboardItem.swift */ = {isa = PBXFileReference; lastKnownFileType = sourcecode.swift; path = DashboardItem.swift; sourceTree = "<group>"; };
		837EEE85207544D500DFA216 /* DashboardTableViewCell.swift */ = {isa = PBXFileReference; lastKnownFileType = sourcecode.swift; path = DashboardTableViewCell.swift; sourceTree = "<group>"; };
		8394A3092078F7140084F5BB /* ProjectViewController.swift */ = {isa = PBXFileReference; fileEncoding = 4; lastKnownFileType = sourcecode.swift; path = ProjectViewController.swift; sourceTree = "<group>"; };
		83A3E1FD2074E03800392197 /* SnapshotHelper.swift */ = {isa = PBXFileReference; fileEncoding = 4; lastKnownFileType = sourcecode.swift; path = SnapshotHelper.swift; sourceTree = "<group>"; };
		83D895FB2073BBF7000DA172 /* GoogleService-Info.plist */ = {isa = PBXFileReference; fileEncoding = 4; lastKnownFileType = text.plist.xml; path = "GoogleService-Info.plist"; sourceTree = "<group>"; };
		83D896012073D6BD000DA172 /* IntroViewController.swift */ = {isa = PBXFileReference; lastKnownFileType = sourcecode.swift; path = IntroViewController.swift; sourceTree = "<group>"; };
		83D896062073EF63000DA172 /* imgLion.gif */ = {isa = PBXFileReference; lastKnownFileType = image.gif; path = imgLion.gif; sourceTree = "<group>"; };
		83EBFD26207281F900D6A96F /* SwiftSample.app */ = {isa = PBXFileReference; explicitFileType = wrapper.application; includeInIndex = 0; path = SwiftSample.app; sourceTree = BUILT_PRODUCTS_DIR; };
		83EBFD29207281F900D6A96F /* AppDelegate.swift */ = {isa = PBXFileReference; lastKnownFileType = sourcecode.swift; path = AppDelegate.swift; sourceTree = "<group>"; };
		83EBFD2B207281F900D6A96F /* ViewController.swift */ = {isa = PBXFileReference; lastKnownFileType = sourcecode.swift; path = ViewController.swift; sourceTree = "<group>"; };
		83EBFD2E207281F900D6A96F /* Base */ = {isa = PBXFileReference; lastKnownFileType = file.storyboard; name = Base; path = Base.lproj/Main.storyboard; sourceTree = "<group>"; };
		83EBFD30207281F900D6A96F /* Assets.xcassets */ = {isa = PBXFileReference; lastKnownFileType = folder.assetcatalog; path = Assets.xcassets; sourceTree = "<group>"; };
		83EBFD33207281F900D6A96F /* Base */ = {isa = PBXFileReference; lastKnownFileType = file.storyboard; name = Base; path = Base.lproj/LaunchScreen.storyboard; sourceTree = "<group>"; };
		83EBFD35207281F900D6A96F /* Info.plist */ = {isa = PBXFileReference; lastKnownFileType = text.plist.xml; path = Info.plist; sourceTree = "<group>"; };
		83EBFD3A207281F900D6A96F /* SwiftSampleTests.xctest */ = {isa = PBXFileReference; explicitFileType = wrapper.cfbundle; includeInIndex = 0; path = SwiftSampleTests.xctest; sourceTree = BUILT_PRODUCTS_DIR; };
		83EBFD3E207281F900D6A96F /* SwiftSampleTests.swift */ = {isa = PBXFileReference; lastKnownFileType = sourcecode.swift; path = SwiftSampleTests.swift; sourceTree = "<group>"; };
		83EBFD40207281F900D6A96F /* Info.plist */ = {isa = PBXFileReference; lastKnownFileType = text.plist.xml; path = Info.plist; sourceTree = "<group>"; };
		83EBFD45207281F900D6A96F /* SwiftSampleUITests.xctest */ = {isa = PBXFileReference; explicitFileType = wrapper.cfbundle; includeInIndex = 0; path = SwiftSampleUITests.xctest; sourceTree = BUILT_PRODUCTS_DIR; };
		83EBFD49207281F900D6A96F /* SwiftSampleUITests.swift */ = {isa = PBXFileReference; lastKnownFileType = sourcecode.swift; path = SwiftSampleUITests.swift; sourceTree = "<group>"; };
		83EBFD4B207281F900D6A96F /* Info.plist */ = {isa = PBXFileReference; lastKnownFileType = text.plist.xml; path = Info.plist; sourceTree = "<group>"; };
		A011EFD08832228EFED012D4 /* Pods-SwiftSample.debug.xcconfig */ = {isa = PBXFileReference; includeInIndex = 1; lastKnownFileType = text.xcconfig; name = "Pods-SwiftSample.debug.xcconfig"; path = "Pods/Target Support Files/Pods-SwiftSample/Pods-SwiftSample.debug.xcconfig"; sourceTree = "<group>"; };
		A78971F5E4F3336B78D6B43E /* Pods-SwiftSampleUITests.debug.xcconfig */ = {isa = PBXFileReference; includeInIndex = 1; lastKnownFileType = text.xcconfig; name = "Pods-SwiftSampleUITests.debug.xcconfig"; path = "Pods/Target Support Files/Pods-SwiftSampleUITests/Pods-SwiftSampleUITests.debug.xcconfig"; sourceTree = "<group>"; };
		C0E73373DD7012509DF2F9B7 /* Pods-SwiftSampleUITests.release.xcconfig */ = {isa = PBXFileReference; includeInIndex = 1; lastKnownFileType = text.xcconfig; name = "Pods-SwiftSampleUITests.release.xcconfig"; path = "Pods/Target Support Files/Pods-SwiftSampleUITests/Pods-SwiftSampleUITests.release.xcconfig"; sourceTree = "<group>"; };
		C85697E354F893A66263E683 /* Pods-SwiftSample.release.xcconfig */ = {isa = PBXFileReference; includeInIndex = 1; lastKnownFileType = text.xcconfig; name = "Pods-SwiftSample.release.xcconfig"; path = "Pods/Target Support Files/Pods-SwiftSample/Pods-SwiftSample.release.xcconfig"; sourceTree = "<group>"; };
/* End PBXFileReference section */

/* Begin PBXFrameworksBuildPhase section */
		83EBFD23207281F900D6A96F /* Frameworks */ = {
			isa = PBXFrameworksBuildPhase;
			buildActionMask = 2147483647;
			files = (
				81132711A3409B5EAC0A9563 /* Pods_SwiftSample.framework in Frameworks */,
			);
			runOnlyForDeploymentPostprocessing = 0;
		};
		83EBFD37207281F900D6A96F /* Frameworks */ = {
			isa = PBXFrameworksBuildPhase;
			buildActionMask = 2147483647;
			files = (
			);
			runOnlyForDeploymentPostprocessing = 0;
		};
		83EBFD42207281F900D6A96F /* Frameworks */ = {
			isa = PBXFrameworksBuildPhase;
			buildActionMask = 2147483647;
			files = (
				C710C594A2684F01B307A86E /* Pods_SwiftSampleUITests.framework in Frameworks */,
			);
			runOnlyForDeploymentPostprocessing = 0;
		};
/* End PBXFrameworksBuildPhase section */

/* Begin PBXGroup section */
		0C5D17627E376AF736638413 /* Frameworks */ = {
			isa = PBXGroup;
			children = (
				21E2DB7BC6F743F78C143D3E /* Pods_SwiftSample.framework */,
				0E84550D6294FB3BBB0E240F /* Pods_SwiftSampleUITests.framework */,
			);
			name = Frameworks;
			sourceTree = "<group>";
		};
		2A495FD6FDD8DB40AD590160 /* Pods */ = {
			isa = PBXGroup;
			children = (
				A011EFD08832228EFED012D4 /* Pods-SwiftSample.debug.xcconfig */,
				C85697E354F893A66263E683 /* Pods-SwiftSample.release.xcconfig */,
				A78971F5E4F3336B78D6B43E /* Pods-SwiftSampleUITests.debug.xcconfig */,
				C0E73373DD7012509DF2F9B7 /* Pods-SwiftSampleUITests.release.xcconfig */,
			);
			name = Pods;
			sourceTree = "<group>";
		};
		8342F5FF20768DB000D4C807 /* SubProjects */ = {
			isa = PBXGroup;
			children = (
				8342F60020768DB000D4C807 /* Arbitrager */,
				83634772207A4F6700DF32E2 /* MapSample */,
				83634779207A63ED00DF32E2 /* ProjectInitNavigationViewController.swift */,
			);
			path = SubProjects;
			sourceTree = "<group>";
		};
		8342F60020768DB000D4C807 /* Arbitrager */ = {
			isa = PBXGroup;
			children = (
				8342F60120768DB000D4C807 /* Arbitrager.xcassets */,
				8342F60220768DB000D4C807 /* Arbitrager.storyboard */,
				8342F60620768DB000D4C807 /* Classes */,
			);
			path = Arbitrager;
			sourceTree = "<group>";
		};
		8342F60620768DB000D4C807 /* Classes */ = {
			isa = PBXGroup;
			children = (
				8342F60720768DB000D4C807 /* Common */,
				8342F60B20768DB000D4C807 /* Home */,
				8342F61020768DB000D4C807 /* Settings */,
			);
			path = Classes;
			sourceTree = "<group>";
		};
		8342F60720768DB000D4C807 /* Common */ = {
			isa = PBXGroup;
			children = (
				8342F60820768DB000D4C807 /* Extensions.swift */,
				8342F60920768DB000D4C807 /* NetworkManager.swift */,
				8342F60A20768DB000D4C807 /* UserDataManager.swift */,
			);
			path = Common;
			sourceTree = "<group>";
		};
		8342F60B20768DB000D4C807 /* Home */ = {
			isa = PBXGroup;
			children = (
				8342F60C20768DB000D4C807 /* CryptoCardTableViewCell.swift */,
				8342F60D20768DB000D4C807 /* HomeViewController.swift */,
				8342F60E20768DB000D4C807 /* TradeViewController.storyboard */,
				8342F60F20768DB000D4C807 /* TradeViewController.swift */,
			);
			path = Home;
			sourceTree = "<group>";
		};
		8342F61020768DB000D4C807 /* Settings */ = {
			isa = PBXGroup;
			children = (
				8342F61120768DB000D4C807 /* SettingsViewController.swift */,
				8363477B207A64F700DF32E2 /* ArbitragerInitViewController.swift */,
			);
			path = Settings;
			sourceTree = "<group>";
		};
		83634772207A4F6700DF32E2 /* MapSample */ = {
			isa = PBXGroup;
			children = (
				83634773207A4F6700DF32E2 /* MapHomeViewController.swift */,
				83634775207A4FAB00DF32E2 /* MapSample.storyboard */,
			);
			path = MapSample;
			sourceTree = "<group>";
		};
		837EEE7E20753FB900DFA216 /* Dashboard */ = {
			isa = PBXGroup;
			children = (
				837EEE7F20753FB900DFA216 /* DashboardViewController.swift */,
				837EEE812075416400DFA216 /* DashboardTableViewModel.swift */,
				837EEE83207542E200DFA216 /* DashboardItem.swift */,
				837EEE85207544D500DFA216 /* DashboardTableViewCell.swift */,
			);
			path = Dashboard;
			sourceTree = "<group>";
		};
		8394A3082078F7140084F5BB /* ProjectViewer */ = {
			isa = PBXGroup;
			children = (
				8394A3092078F7140084F5BB /* ProjectViewController.swift */,
				83634777207A5F6600DF32E2 /* AboutViewController.swift */,
			);
			path = ProjectViewer;
			sourceTree = "<group>";
		};
		83A3E1EF2074E03800392197 /* fastlane */ = {
			isa = PBXGroup;
			children = (
				83A3E1FD2074E03800392197 /* SnapshotHelper.swift */,
			);
			path = fastlane;
			sourceTree = SOURCE_ROOT;
		};
		83D895F82073BBF7000DA172 /* Resources */ = {
			isa = PBXGroup;
			children = (
				83D895F92073BBF7000DA172 /* GoogleService */,
				83D896042073EF63000DA172 /* Images */,
			);
			path = Resources;
			sourceTree = "<group>";
		};
		83D895F92073BBF7000DA172 /* GoogleService */ = {
			isa = PBXGroup;
			children = (
				83D895FA2073BBF7000DA172 /* Development */,
			);
			path = GoogleService;
			sourceTree = "<group>";
		};
		83D895FA2073BBF7000DA172 /* Development */ = {
			isa = PBXGroup;
			children = (
				83D895FB2073BBF7000DA172 /* GoogleService-Info.plist */,
			);
			path = Development;
			sourceTree = "<group>";
		};
		83D895FC2073BBF7000DA172 /* Classes */ = {
			isa = PBXGroup;
			children = (
				837EEE7E20753FB900DFA216 /* Dashboard */,
				8394A3082078F7140084F5BB /* ProjectViewer */,
				83D896012073D6BD000DA172 /* IntroViewController.swift */,
			);
			path = Classes;
			sourceTree = "<group>";
		};
		83D896042073EF63000DA172 /* Images */ = {
			isa = PBXGroup;
			children = (
				83D896052073EF63000DA172 /* GIF */,
			);
			path = Images;
			sourceTree = "<group>";
		};
		83D896052073EF63000DA172 /* GIF */ = {
			isa = PBXGroup;
			children = (
				83D896062073EF63000DA172 /* imgLion.gif */,
			);
			path = GIF;
			sourceTree = "<group>";
		};
		83EBFD1D207281F900D6A96F = {
			isa = PBXGroup;
			children = (
				83EBFD28207281F900D6A96F /* SwiftSample */,
				83EBFD3D207281F900D6A96F /* SwiftSampleTests */,
				83EBFD48207281F900D6A96F /* SwiftSampleUITests */,
				83EBFD27207281F900D6A96F /* Products */,
				2A495FD6FDD8DB40AD590160 /* Pods */,
				0C5D17627E376AF736638413 /* Frameworks */,
			);
			sourceTree = "<group>";
		};
		83EBFD27207281F900D6A96F /* Products */ = {
			isa = PBXGroup;
			children = (
				83EBFD26207281F900D6A96F /* SwiftSample.app */,
				83EBFD3A207281F900D6A96F /* SwiftSampleTests.xctest */,
				83EBFD45207281F900D6A96F /* SwiftSampleUITests.xctest */,
			);
			name = Products;
			sourceTree = "<group>";
		};
		83EBFD28207281F900D6A96F /* SwiftSample */ = {
			isa = PBXGroup;
			children = (
				8342F5FF20768DB000D4C807 /* SubProjects */,
				83D895FC2073BBF7000DA172 /* Classes */,
				83D895F82073BBF7000DA172 /* Resources */,
				83A3E1EF2074E03800392197 /* fastlane */,
				83EBFD29207281F900D6A96F /* AppDelegate.swift */,
				83EBFD2B207281F900D6A96F /* ViewController.swift */,
				83EBFD2D207281F900D6A96F /* Main.storyboard */,
				83EBFD30207281F900D6A96F /* Assets.xcassets */,
				83EBFD32207281F900D6A96F /* LaunchScreen.storyboard */,
				83EBFD35207281F900D6A96F /* Info.plist */,
			);
			path = SwiftSample;
			sourceTree = "<group>";
		};
		83EBFD3D207281F900D6A96F /* SwiftSampleTests */ = {
			isa = PBXGroup;
			children = (
				83EBFD3E207281F900D6A96F /* SwiftSampleTests.swift */,
				83EBFD40207281F900D6A96F /* Info.plist */,
			);
			path = SwiftSampleTests;
			sourceTree = "<group>";
		};
		83EBFD48207281F900D6A96F /* SwiftSampleUITests */ = {
			isa = PBXGroup;
			children = (
				83EBFD49207281F900D6A96F /* SwiftSampleUITests.swift */,
				83EBFD4B207281F900D6A96F /* Info.plist */,
			);
			path = SwiftSampleUITests;
			sourceTree = "<group>";
		};
/* End PBXGroup section */

/* Begin PBXNativeTarget section */
		83EBFD25207281F900D6A96F /* SwiftSample */ = {
			isa = PBXNativeTarget;
			buildConfigurationList = 83EBFD4E207281F900D6A96F /* Build configuration list for PBXNativeTarget "SwiftSample" */;
			buildPhases = (
				41DB465EFC11B7F1262AD718 /* [CP] Check Pods Manifest.lock */,
				83EBFD22207281F900D6A96F /* Sources */,
				83EBFD23207281F900D6A96F /* Frameworks */,
				83EBFD24207281F900D6A96F /* Resources */,
				A9E823DFE00F27440CEBC736 /* [CP] Embed Pods Frameworks */,
				83D896002073BC17000DA172 /* Firebase Crashlytics */,
			);
			buildRules = (
			);
			dependencies = (
			);
			name = SwiftSample;
			productName = SwiftSample;
			productReference = 83EBFD26207281F900D6A96F /* SwiftSample.app */;
			productType = "com.apple.product-type.application";
		};
		83EBFD39207281F900D6A96F /* SwiftSampleTests */ = {
			isa = PBXNativeTarget;
			buildConfigurationList = 83EBFD51207281F900D6A96F /* Build configuration list for PBXNativeTarget "SwiftSampleTests" */;
			buildPhases = (
				83EBFD36207281F900D6A96F /* Sources */,
				83EBFD37207281F900D6A96F /* Frameworks */,
				83EBFD38207281F900D6A96F /* Resources */,
			);
			buildRules = (
			);
			dependencies = (
				83EBFD3C207281F900D6A96F /* PBXTargetDependency */,
			);
			name = SwiftSampleTests;
			productName = SwiftSampleTests;
			productReference = 83EBFD3A207281F900D6A96F /* SwiftSampleTests.xctest */;
			productType = "com.apple.product-type.bundle.unit-test";
		};
		83EBFD44207281F900D6A96F /* SwiftSampleUITests */ = {
			isa = PBXNativeTarget;
			buildConfigurationList = 83EBFD54207281F900D6A96F /* Build configuration list for PBXNativeTarget "SwiftSampleUITests" */;
			buildPhases = (
				55CDD0A732C1D7857C8B22CA /* [CP] Check Pods Manifest.lock */,
				83EBFD41207281F900D6A96F /* Sources */,
				83EBFD42207281F900D6A96F /* Frameworks */,
				83EBFD43207281F900D6A96F /* Resources */,
				31340F261E31B31A9645C8CB /* [CP] Embed Pods Frameworks */,
			);
			buildRules = (
			);
			dependencies = (
				83EBFD47207281F900D6A96F /* PBXTargetDependency */,
			);
			name = SwiftSampleUITests;
			productName = SwiftSampleUITests;
			productReference = 83EBFD45207281F900D6A96F /* SwiftSampleUITests.xctest */;
			productType = "com.apple.product-type.bundle.ui-testing";
		};
/* End PBXNativeTarget section */

/* Begin PBXProject section */
		83EBFD1E207281F900D6A96F /* Project object */ = {
			isa = PBXProject;
			attributes = {
				LastSwiftUpdateCheck = 0920;
				LastUpgradeCheck = 0920;
				ORGANIZATIONNAME = ChrisMJSong;
				TargetAttributes = {
					83EBFD25207281F900D6A96F = {
						CreatedOnToolsVersion = 9.2;
						ProvisioningStyle = Automatic;
					};
					83EBFD39207281F900D6A96F = {
						CreatedOnToolsVersion = 9.2;
						ProvisioningStyle = Automatic;
						TestTargetID = 83EBFD25207281F900D6A96F;
					};
					83EBFD44207281F900D6A96F = {
						CreatedOnToolsVersion = 9.2;
						ProvisioningStyle = Automatic;
						TestTargetID = 83EBFD25207281F900D6A96F;
					};
				};
			};
			buildConfigurationList = 83EBFD21207281F900D6A96F /* Build configuration list for PBXProject "SwiftSample" */;
			compatibilityVersion = "Xcode 8.0";
			developmentRegion = en;
			hasScannedForEncodings = 0;
			knownRegions = (
				en,
				Base,
			);
			mainGroup = 83EBFD1D207281F900D6A96F;
			productRefGroup = 83EBFD27207281F900D6A96F /* Products */;
			projectDirPath = "";
			projectRoot = "";
			targets = (
				83EBFD25207281F900D6A96F /* SwiftSample */,
				83EBFD39207281F900D6A96F /* SwiftSampleTests */,
				83EBFD44207281F900D6A96F /* SwiftSampleUITests */,
			);
		};
/* End PBXProject section */

/* Begin PBXResourcesBuildPhase section */
		83EBFD24207281F900D6A96F /* Resources */ = {
			isa = PBXResourcesBuildPhase;
			buildActionMask = 2147483647;
			files = (
				83D896072073EF63000DA172 /* imgLion.gif in Resources */,
				83EBFD34207281F900D6A96F /* LaunchScreen.storyboard in Resources */,
				8342F61B20768DB000D4C807 /* TradeViewController.storyboard in Resources */,
				83D895FD2073BBF7000DA172 /* GoogleService-Info.plist in Resources */,
				83EBFD31207281F900D6A96F /* Assets.xcassets in Resources */,
				83634776207A4FAB00DF32E2 /* MapSample.storyboard in Resources */,
				8342F61420768DB000D4C807 /* Arbitrager.storyboard in Resources */,
				8342F61320768DB000D4C807 /* Arbitrager.xcassets in Resources */,
				83EBFD2F207281F900D6A96F /* Main.storyboard in Resources */,
			);
			runOnlyForDeploymentPostprocessing = 0;
		};
		83EBFD38207281F900D6A96F /* Resources */ = {
			isa = PBXResourcesBuildPhase;
			buildActionMask = 2147483647;
			files = (
				83D895FE2073BBF7000DA172 /* GoogleService-Info.plist in Resources */,
			);
			runOnlyForDeploymentPostprocessing = 0;
		};
		83EBFD43207281F900D6A96F /* Resources */ = {
			isa = PBXResourcesBuildPhase;
			buildActionMask = 2147483647;
			files = (
				83D896082073EF63000DA172 /* imgLion.gif in Resources */,
				83D895FF2073BBF7000DA172 /* GoogleService-Info.plist in Resources */,
			);
			runOnlyForDeploymentPostprocessing = 0;
		};
/* End PBXResourcesBuildPhase section */

/* Begin PBXShellScriptBuildPhase section */
		31340F261E31B31A9645C8CB /* [CP] Embed Pods Frameworks */ = {
			isa = PBXShellScriptBuildPhase;
			buildActionMask = 2147483647;
			files = (
			);
			inputPaths = (
				"${SRCROOT}/Pods/Target Support Files/Pods-SwiftSampleUITests/Pods-SwiftSampleUITests-frameworks.sh",
				"${BUILT_PRODUCTS_DIR}/Alamofire/Alamofire.framework",
				"${BUILT_PRODUCTS_DIR}/GoogleToolboxForMac/GoogleToolboxForMac.framework",
				"${BUILT_PRODUCTS_DIR}/SVProgressHUD/SVProgressHUD.framework",
				"${BUILT_PRODUCTS_DIR}/SwiftyGif/SwiftyGif.framework",
				"${BUILT_PRODUCTS_DIR}/SwiftyJSON/SwiftyJSON.framework",
				"${BUILT_PRODUCTS_DIR}/YLProgressBar/YLProgressBar.framework",
				"${BUILT_PRODUCTS_DIR}/nanopb/nanopb.framework",
			);
			name = "[CP] Embed Pods Frameworks";
			outputPaths = (
				"${TARGET_BUILD_DIR}/${FRAMEWORKS_FOLDER_PATH}/Alamofire.framework",
				"${TARGET_BUILD_DIR}/${FRAMEWORKS_FOLDER_PATH}/GoogleToolboxForMac.framework",
				"${TARGET_BUILD_DIR}/${FRAMEWORKS_FOLDER_PATH}/SVProgressHUD.framework",
				"${TARGET_BUILD_DIR}/${FRAMEWORKS_FOLDER_PATH}/SwiftyGif.framework",
				"${TARGET_BUILD_DIR}/${FRAMEWORKS_FOLDER_PATH}/SwiftyJSON.framework",
				"${TARGET_BUILD_DIR}/${FRAMEWORKS_FOLDER_PATH}/YLProgressBar.framework",
				"${TARGET_BUILD_DIR}/${FRAMEWORKS_FOLDER_PATH}/nanopb.framework",
			);
			runOnlyForDeploymentPostprocessing = 0;
			shellPath = /bin/sh;
			shellScript = "\"${SRCROOT}/Pods/Target Support Files/Pods-SwiftSampleUITests/Pods-SwiftSampleUITests-frameworks.sh\"\n";
			showEnvVarsInLog = 0;
		};
		41DB465EFC11B7F1262AD718 /* [CP] Check Pods Manifest.lock */ = {
			isa = PBXShellScriptBuildPhase;
			buildActionMask = 2147483647;
			files = (
			);
			inputPaths = (
				"${PODS_PODFILE_DIR_PATH}/Podfile.lock",
				"${PODS_ROOT}/Manifest.lock",
			);
			name = "[CP] Check Pods Manifest.lock";
			outputPaths = (
				"$(DERIVED_FILE_DIR)/Pods-SwiftSample-checkManifestLockResult.txt",
			);
			runOnlyForDeploymentPostprocessing = 0;
			shellPath = /bin/sh;
			shellScript = "diff \"${PODS_PODFILE_DIR_PATH}/Podfile.lock\" \"${PODS_ROOT}/Manifest.lock\" > /dev/null\nif [ $? != 0 ] ; then\n    # print error to STDERR\n    echo \"error: The sandbox is not in sync with the Podfile.lock. Run 'pod install' or update your CocoaPods installation.\" >&2\n    exit 1\nfi\n# This output is used by Xcode 'outputs' to avoid re-running this script phase.\necho \"SUCCESS\" > \"${SCRIPT_OUTPUT_FILE_0}\"\n";
			showEnvVarsInLog = 0;
		};
		55CDD0A732C1D7857C8B22CA /* [CP] Check Pods Manifest.lock */ = {
			isa = PBXShellScriptBuildPhase;
			buildActionMask = 2147483647;
			files = (
			);
			inputPaths = (
				"${PODS_PODFILE_DIR_PATH}/Podfile.lock",
				"${PODS_ROOT}/Manifest.lock",
			);
			name = "[CP] Check Pods Manifest.lock";
			outputPaths = (
				"$(DERIVED_FILE_DIR)/Pods-SwiftSampleUITests-checkManifestLockResult.txt",
			);
			runOnlyForDeploymentPostprocessing = 0;
			shellPath = /bin/sh;
			shellScript = "diff \"${PODS_PODFILE_DIR_PATH}/Podfile.lock\" \"${PODS_ROOT}/Manifest.lock\" > /dev/null\nif [ $? != 0 ] ; then\n    # print error to STDERR\n    echo \"error: The sandbox is not in sync with the Podfile.lock. Run 'pod install' or update your CocoaPods installation.\" >&2\n    exit 1\nfi\n# This output is used by Xcode 'outputs' to avoid re-running this script phase.\necho \"SUCCESS\" > \"${SCRIPT_OUTPUT_FILE_0}\"\n";
			showEnvVarsInLog = 0;
		};
		83D896002073BC17000DA172 /* Firebase Crashlytics */ = {
			isa = PBXShellScriptBuildPhase;
			buildActionMask = 2147483647;
			files = (
			);
			inputPaths = (
			);
			name = "Firebase Crashlytics";
			outputPaths = (
			);
			runOnlyForDeploymentPostprocessing = 0;
			shellPath = /bin/sh;
			shellScript = "\"${PODS_ROOT}/Fabric/run\"";
		};
		A9E823DFE00F27440CEBC736 /* [CP] Embed Pods Frameworks */ = {
			isa = PBXShellScriptBuildPhase;
			buildActionMask = 2147483647;
			files = (
			);
			inputPaths = (
				"${SRCROOT}/Pods/Target Support Files/Pods-SwiftSample/Pods-SwiftSample-frameworks.sh",
				"${BUILT_PRODUCTS_DIR}/Alamofire/Alamofire.framework",
				"${BUILT_PRODUCTS_DIR}/GoogleToolboxForMac/GoogleToolboxForMac.framework",
				"${BUILT_PRODUCTS_DIR}/SVProgressHUD/SVProgressHUD.framework",
				"${BUILT_PRODUCTS_DIR}/SwiftyGif/SwiftyGif.framework",
				"${BUILT_PRODUCTS_DIR}/SwiftyJSON/SwiftyJSON.framework",
				"${BUILT_PRODUCTS_DIR}/YLProgressBar/YLProgressBar.framework",
				"${BUILT_PRODUCTS_DIR}/nanopb/nanopb.framework",
			);
			name = "[CP] Embed Pods Frameworks";
			outputPaths = (
				"${TARGET_BUILD_DIR}/${FRAMEWORKS_FOLDER_PATH}/Alamofire.framework",
				"${TARGET_BUILD_DIR}/${FRAMEWORKS_FOLDER_PATH}/GoogleToolboxForMac.framework",
				"${TARGET_BUILD_DIR}/${FRAMEWORKS_FOLDER_PATH}/SVProgressHUD.framework",
				"${TARGET_BUILD_DIR}/${FRAMEWORKS_FOLDER_PATH}/SwiftyGif.framework",
				"${TARGET_BUILD_DIR}/${FRAMEWORKS_FOLDER_PATH}/SwiftyJSON.framework",
				"${TARGET_BUILD_DIR}/${FRAMEWORKS_FOLDER_PATH}/YLProgressBar.framework",
				"${TARGET_BUILD_DIR}/${FRAMEWORKS_FOLDER_PATH}/nanopb.framework",
			);
			runOnlyForDeploymentPostprocessing = 0;
			shellPath = /bin/sh;
			shellScript = "\"${SRCROOT}/Pods/Target Support Files/Pods-SwiftSample/Pods-SwiftSample-frameworks.sh\"\n";
			showEnvVarsInLog = 0;
		};
/* End PBXShellScriptBuildPhase section */

/* Begin PBXSourcesBuildPhase section */
		83EBFD22207281F900D6A96F /* Sources */ = {
			isa = PBXSourcesBuildPhase;
			buildActionMask = 2147483647;
			files = (
				8342F61720768DB000D4C807 /* NetworkManager.swift in Sources */,
				83D896022073D6BD000DA172 /* IntroViewController.swift in Sources */,
				8342F61820768DB000D4C807 /* UserDataManager.swift in Sources */,
				8342F61920768DB000D4C807 /* CryptoCardTableViewCell.swift in Sources */,
				83EBFD2C207281F900D6A96F /* ViewController.swift in Sources */,
				8394A30A2078F7140084F5BB /* ProjectViewController.swift in Sources */,
				8363477C207A64F700DF32E2 /* ArbitragerInitViewController.swift in Sources */,
				8363477A207A63ED00DF32E2 /* ProjectInitNavigationViewController.swift in Sources */,
				837EEE8020753FB900DFA216 /* DashboardViewController.swift in Sources */,
				8342F61620768DB000D4C807 /* Extensions.swift in Sources */,
				83EBFD2A207281F900D6A96F /* AppDelegate.swift in Sources */,
				83634778207A5F6600DF32E2 /* AboutViewController.swift in Sources */,
				837EEE822075416400DFA216 /* DashboardTableViewModel.swift in Sources */,
				8342F61D20768DB000D4C807 /* SettingsViewController.swift in Sources */,
				837EEE84207542E200DFA216 /* DashboardItem.swift in Sources */,
				83634774207A4F6700DF32E2 /* MapHomeViewController.swift in Sources */,
				837EEE86207544D500DFA216 /* DashboardTableViewCell.swift in Sources */,
				8342F61A20768DB000D4C807 /* HomeViewController.swift in Sources */,
				8342F61C20768DB000D4C807 /* TradeViewController.swift in Sources */,
			);
			runOnlyForDeploymentPostprocessing = 0;
		};
		83EBFD36207281F900D6A96F /* Sources */ = {
			isa = PBXSourcesBuildPhase;
			buildActionMask = 2147483647;
			files = (
				83EBFD3F207281F900D6A96F /* SwiftSampleTests.swift in Sources */,
			);
			runOnlyForDeploymentPostprocessing = 0;
		};
		83EBFD41207281F900D6A96F /* Sources */ = {
			isa = PBXSourcesBuildPhase;
			buildActionMask = 2147483647;
			files = (
				83EBFD4A207281F900D6A96F /* SwiftSampleUITests.swift in Sources */,
				83D896032073D6BD000DA172 /* IntroViewController.swift in Sources */,
				83A3E20E2074E03800392197 /* SnapshotHelper.swift in Sources */,
			);
			runOnlyForDeploymentPostprocessing = 0;
		};
/* End PBXSourcesBuildPhase section */

/* Begin PBXTargetDependency section */
		83EBFD3C207281F900D6A96F /* PBXTargetDependency */ = {
			isa = PBXTargetDependency;
			target = 83EBFD25207281F900D6A96F /* SwiftSample */;
			targetProxy = 83EBFD3B207281F900D6A96F /* PBXContainerItemProxy */;
		};
		83EBFD47207281F900D6A96F /* PBXTargetDependency */ = {
			isa = PBXTargetDependency;
			target = 83EBFD25207281F900D6A96F /* SwiftSample */;
			targetProxy = 83EBFD46207281F900D6A96F /* PBXContainerItemProxy */;
		};
/* End PBXTargetDependency section */

/* Begin PBXVariantGroup section */
		8342F60220768DB000D4C807 /* Arbitrager.storyboard */ = {
			isa = PBXVariantGroup;
			children = (
				8342F60320768DB000D4C807 /* Base */,
			);
			name = Arbitrager.storyboard;
			sourceTree = "<group>";
		};
		83EBFD2D207281F900D6A96F /* Main.storyboard */ = {
			isa = PBXVariantGroup;
			children = (
				83EBFD2E207281F900D6A96F /* Base */,
			);
			name = Main.storyboard;
			sourceTree = "<group>";
		};
		83EBFD32207281F900D6A96F /* LaunchScreen.storyboard */ = {
			isa = PBXVariantGroup;
			children = (
				83EBFD33207281F900D6A96F /* Base */,
			);
			name = LaunchScreen.storyboard;
			sourceTree = "<group>";
		};
/* End PBXVariantGroup section */

/* Begin XCBuildConfiguration section */
		83EBFD4C207281F900D6A96F /* Debug */ = {
			isa = XCBuildConfiguration;
			buildSettings = {
				ALWAYS_SEARCH_USER_PATHS = NO;
				CLANG_ANALYZER_NONNULL = YES;
				CLANG_ANALYZER_NUMBER_OBJECT_CONVERSION = YES_AGGRESSIVE;
				CLANG_CXX_LANGUAGE_STANDARD = "gnu++14";
				CLANG_CXX_LIBRARY = "libc++";
				CLANG_ENABLE_MODULES = YES;
				CLANG_ENABLE_OBJC_ARC = YES;
				CLANG_WARN_BLOCK_CAPTURE_AUTORELEASING = YES;
				CLANG_WARN_BOOL_CONVERSION = YES;
				CLANG_WARN_COMMA = YES;
				CLANG_WARN_CONSTANT_CONVERSION = YES;
				CLANG_WARN_DIRECT_OBJC_ISA_USAGE = YES_ERROR;
				CLANG_WARN_DOCUMENTATION_COMMENTS = YES;
				CLANG_WARN_EMPTY_BODY = YES;
				CLANG_WARN_ENUM_CONVERSION = YES;
				CLANG_WARN_INFINITE_RECURSION = YES;
				CLANG_WARN_INT_CONVERSION = YES;
				CLANG_WARN_NON_LITERAL_NULL_CONVERSION = YES;
				CLANG_WARN_OBJC_LITERAL_CONVERSION = YES;
				CLANG_WARN_OBJC_ROOT_CLASS = YES_ERROR;
				CLANG_WARN_RANGE_LOOP_ANALYSIS = YES;
				CLANG_WARN_STRICT_PROTOTYPES = YES;
				CLANG_WARN_SUSPICIOUS_MOVE = YES;
				CLANG_WARN_UNGUARDED_AVAILABILITY = YES_AGGRESSIVE;
				CLANG_WARN_UNREACHABLE_CODE = YES;
				CLANG_WARN__DUPLICATE_METHOD_MATCH = YES;
				CODE_SIGN_IDENTITY = "iPhone Developer";
				COPY_PHASE_STRIP = NO;
				DEBUG_INFORMATION_FORMAT = dwarf;
				ENABLE_STRICT_OBJC_MSGSEND = YES;
				ENABLE_TESTABILITY = YES;
				GCC_C_LANGUAGE_STANDARD = gnu11;
				GCC_DYNAMIC_NO_PIC = NO;
				GCC_NO_COMMON_BLOCKS = YES;
				GCC_OPTIMIZATION_LEVEL = 0;
				GCC_PREPROCESSOR_DEFINITIONS = (
					"DEBUG=1",
					"$(inherited)",
				);
				GCC_WARN_64_TO_32_BIT_CONVERSION = YES;
				GCC_WARN_ABOUT_RETURN_TYPE = YES_ERROR;
				GCC_WARN_UNDECLARED_SELECTOR = YES;
				GCC_WARN_UNINITIALIZED_AUTOS = YES_AGGRESSIVE;
				GCC_WARN_UNUSED_FUNCTION = YES;
				GCC_WARN_UNUSED_VARIABLE = YES;
				IPHONEOS_DEPLOYMENT_TARGET = 10.0;
				MTL_ENABLE_DEBUG_INFO = YES;
				ONLY_ACTIVE_ARCH = YES;
				SDKROOT = iphoneos;
				SWIFT_ACTIVE_COMPILATION_CONDITIONS = DEBUG;
				SWIFT_OPTIMIZATION_LEVEL = "-Onone";
			};
			name = Debug;
		};
		83EBFD4D207281F900D6A96F /* Release */ = {
			isa = XCBuildConfiguration;
			buildSettings = {
				ALWAYS_SEARCH_USER_PATHS = NO;
				CLANG_ANALYZER_NONNULL = YES;
				CLANG_ANALYZER_NUMBER_OBJECT_CONVERSION = YES_AGGRESSIVE;
				CLANG_CXX_LANGUAGE_STANDARD = "gnu++14";
				CLANG_CXX_LIBRARY = "libc++";
				CLANG_ENABLE_MODULES = YES;
				CLANG_ENABLE_OBJC_ARC = YES;
				CLANG_WARN_BLOCK_CAPTURE_AUTORELEASING = YES;
				CLANG_WARN_BOOL_CONVERSION = YES;
				CLANG_WARN_COMMA = YES;
				CLANG_WARN_CONSTANT_CONVERSION = YES;
				CLANG_WARN_DIRECT_OBJC_ISA_USAGE = YES_ERROR;
				CLANG_WARN_DOCUMENTATION_COMMENTS = YES;
				CLANG_WARN_EMPTY_BODY = YES;
				CLANG_WARN_ENUM_CONVERSION = YES;
				CLANG_WARN_INFINITE_RECURSION = YES;
				CLANG_WARN_INT_CONVERSION = YES;
				CLANG_WARN_NON_LITERAL_NULL_CONVERSION = YES;
				CLANG_WARN_OBJC_LITERAL_CONVERSION = YES;
				CLANG_WARN_OBJC_ROOT_CLASS = YES_ERROR;
				CLANG_WARN_RANGE_LOOP_ANALYSIS = YES;
				CLANG_WARN_STRICT_PROTOTYPES = YES;
				CLANG_WARN_SUSPICIOUS_MOVE = YES;
				CLANG_WARN_UNGUARDED_AVAILABILITY = YES_AGGRESSIVE;
				CLANG_WARN_UNREACHABLE_CODE = YES;
				CLANG_WARN__DUPLICATE_METHOD_MATCH = YES;
				CODE_SIGN_IDENTITY = "iPhone Developer";
				COPY_PHASE_STRIP = NO;
				DEBUG_INFORMATION_FORMAT = "dwarf-with-dsym";
				ENABLE_NS_ASSERTIONS = NO;
				ENABLE_STRICT_OBJC_MSGSEND = YES;
				GCC_C_LANGUAGE_STANDARD = gnu11;
				GCC_NO_COMMON_BLOCKS = YES;
				GCC_WARN_64_TO_32_BIT_CONVERSION = YES;
				GCC_WARN_ABOUT_RETURN_TYPE = YES_ERROR;
				GCC_WARN_UNDECLARED_SELECTOR = YES;
				GCC_WARN_UNINITIALIZED_AUTOS = YES_AGGRESSIVE;
				GCC_WARN_UNUSED_FUNCTION = YES;
				GCC_WARN_UNUSED_VARIABLE = YES;
				IPHONEOS_DEPLOYMENT_TARGET = 10.0;
				MTL_ENABLE_DEBUG_INFO = NO;
				SDKROOT = iphoneos;
				SWIFT_OPTIMIZATION_LEVEL = "-Owholemodule";
				VALIDATE_PRODUCT = YES;
			};
			name = Release;
		};
		83EBFD4F207281F900D6A96F /* Debug */ = {
			isa = XCBuildConfiguration;
			baseConfigurationReference = A011EFD08832228EFED012D4 /* Pods-SwiftSample.debug.xcconfig */;
			buildSettings = {
				ASSETCATALOG_COMPILER_APPICON_NAME = AppIcon;
				CODE_SIGN_STYLE = Automatic;
				INFOPLIST_FILE = SwiftSample/Info.plist;
				LD_RUNPATH_SEARCH_PATHS = "$(inherited) @executable_path/Frameworks";
				PRODUCT_BUNDLE_IDENTIFIER = com.ChrisMJSong.SwiftSample;
				PRODUCT_NAME = "$(TARGET_NAME)";
				SWIFT_VERSION = 4.0;
				TARGETED_DEVICE_FAMILY = "1,2";
			};
			name = Debug;
		};
		83EBFD50207281F900D6A96F /* Release */ = {
			isa = XCBuildConfiguration;
			baseConfigurationReference = C85697E354F893A66263E683 /* Pods-SwiftSample.release.xcconfig */;
			buildSettings = {
				ASSETCATALOG_COMPILER_APPICON_NAME = AppIcon;
				CODE_SIGN_STYLE = Automatic;
				INFOPLIST_FILE = SwiftSample/Info.plist;
				LD_RUNPATH_SEARCH_PATHS = "$(inherited) @executable_path/Frameworks";
				PRODUCT_BUNDLE_IDENTIFIER = com.ChrisMJSong.SwiftSample;
				PRODUCT_NAME = "$(TARGET_NAME)";
				SWIFT_VERSION = 4.0;
				TARGETED_DEVICE_FAMILY = "1,2";
			};
			name = Release;
		};
		83EBFD52207281F900D6A96F /* Debug */ = {
			isa = XCBuildConfiguration;
			buildSettings = {
				ALWAYS_EMBED_SWIFT_STANDARD_LIBRARIES = YES;
				BUNDLE_LOADER = "$(TEST_HOST)";
				CODE_SIGN_STYLE = Automatic;
				INFOPLIST_FILE = SwiftSampleTests/Info.plist;
				LD_RUNPATH_SEARCH_PATHS = "$(inherited) @executable_path/Frameworks @loader_path/Frameworks";
				PRODUCT_BUNDLE_IDENTIFIER = com.chrismjsong.SwiftSampleTests;
				PRODUCT_NAME = "$(TARGET_NAME)";
				SWIFT_VERSION = 4.0;
				TARGETED_DEVICE_FAMILY = "1,2";
				TEST_HOST = "$(BUILT_PRODUCTS_DIR)/SwiftSample.app/SwiftSample";
			};
			name = Debug;
		};
		83EBFD53207281F900D6A96F /* Release */ = {
			isa = XCBuildConfiguration;
			buildSettings = {
				ALWAYS_EMBED_SWIFT_STANDARD_LIBRARIES = YES;
				BUNDLE_LOADER = "$(TEST_HOST)";
				CODE_SIGN_STYLE = Automatic;
				INFOPLIST_FILE = SwiftSampleTests/Info.plist;
				LD_RUNPATH_SEARCH_PATHS = "$(inherited) @executable_path/Frameworks @loader_path/Frameworks";
				PRODUCT_BUNDLE_IDENTIFIER = com.chrismjsong.SwiftSampleTests;
				PRODUCT_NAME = "$(TARGET_NAME)";
				SWIFT_VERSION = 4.0;
				TARGETED_DEVICE_FAMILY = "1,2";
				TEST_HOST = "$(BUILT_PRODUCTS_DIR)/SwiftSample.app/SwiftSample";
			};
			name = Release;
		};
		83EBFD55207281F900D6A96F /* Debug */ = {
			isa = XCBuildConfiguration;
			baseConfigurationReference = A78971F5E4F3336B78D6B43E /* Pods-SwiftSampleUITests.debug.xcconfig */;
			buildSettings = {
				ALWAYS_EMBED_SWIFT_STANDARD_LIBRARIES = "$(inherited)";
				CODE_SIGN_STYLE = Automatic;
				INFOPLIST_FILE = SwiftSampleUITests/Info.plist;
				LD_RUNPATH_SEARCH_PATHS = "$(inherited) @executable_path/Frameworks @loader_path/Frameworks";
				PRODUCT_BUNDLE_IDENTIFIER = com.chrismjsong.SwiftSampleUITests;
				PRODUCT_NAME = "$(TARGET_NAME)";
				SWIFT_VERSION = 4.0;
				TARGETED_DEVICE_FAMILY = "1,2";
				TEST_TARGET_NAME = SwiftSample;
			};
			name = Debug;
		};
		83EBFD56207281F900D6A96F /* Release */ = {
			isa = XCBuildConfiguration;
			baseConfigurationReference = C0E73373DD7012509DF2F9B7 /* Pods-SwiftSampleUITests.release.xcconfig */;
			buildSettings = {
				ALWAYS_EMBED_SWIFT_STANDARD_LIBRARIES = "$(inherited)";
				CODE_SIGN_STYLE = Automatic;
				INFOPLIST_FILE = SwiftSampleUITests/Info.plist;
				LD_RUNPATH_SEARCH_PATHS = "$(inherited) @executable_path/Frameworks @loader_path/Frameworks";
				PRODUCT_BUNDLE_IDENTIFIER = com.chrismjsong.SwiftSampleUITests;
				PRODUCT_NAME = "$(TARGET_NAME)";
				SWIFT_VERSION = 4.0;
				TARGETED_DEVICE_FAMILY = "1,2";
				TEST_TARGET_NAME = SwiftSample;
			};
			name = Release;
		};
/* End XCBuildConfiguration section */

/* Begin XCConfigurationList section */
		83EBFD21207281F900D6A96F /* Build configuration list for PBXProject "SwiftSample" */ = {
			isa = XCConfigurationList;
			buildConfigurations = (
				83EBFD4C207281F900D6A96F /* Debug */,
				83EBFD4D207281F900D6A96F /* Release */,
			);
			defaultConfigurationIsVisible = 0;
			defaultConfigurationName = Release;
		};
		83EBFD4E207281F900D6A96F /* Build configuration list for PBXNativeTarget "SwiftSample" */ = {
			isa = XCConfigurationList;
			buildConfigurations = (
				83EBFD4F207281F900D6A96F /* Debug */,
				83EBFD50207281F900D6A96F /* Release */,
			);
			defaultConfigurationIsVisible = 0;
			defaultConfigurationName = Release;
		};
		83EBFD51207281F900D6A96F /* Build configuration list for PBXNativeTarget "SwiftSampleTests" */ = {
			isa = XCConfigurationList;
			buildConfigurations = (
				83EBFD52207281F900D6A96F /* Debug */,
				83EBFD53207281F900D6A96F /* Release */,
			);
			defaultConfigurationIsVisible = 0;
			defaultConfigurationName = Release;
		};
		83EBFD54207281F900D6A96F /* Build configuration list for PBXNativeTarget "SwiftSampleUITests" */ = {
			isa = XCConfigurationList;
			buildConfigurations = (
				83EBFD55207281F900D6A96F /* Debug */,
				83EBFD56207281F900D6A96F /* Release */,
			);
			defaultConfigurationIsVisible = 0;
			defaultConfigurationName = Release;
		};
/* End XCConfigurationList section */
	};
	rootObject = 83EBFD1E207281F900D6A96F /* Project object */;
}
